
Microsoft Visual Studio Solution File, Format Version 12.00
# Visual Studio Version 16
VisualStudioVersion = 16.0.31424.327
MinimumVisualStudioVersion = 10.0.40219.1
Project("{FAE04EC0-301F-11D3-BF4B-00C04F79EFBC}") = "XI.CommonTypes", "XI.CommonTypes\XI.CommonTypes.csproj", "{40427CE1-3892-43E5-B4C5-079CDBD79925}"
EndProject
Global
	GlobalSection(SolutionConfigurationPlatforms) = preSolution
		Debug|Any CPU = Debug|Any CPU
		Release|Any CPU = Release|Any CPU
	EndGlobalSection
	GlobalSection(ProjectConfigurationPlatforms) = postSolution
		{40427CE1-3892-43E5-B4C5-079CDBD79925}.Debug|Any CPU.ActiveCfg = Debug|Any CPU
		{40427CE1-3892-43E5-B4C5-079CDBD79925}.Debug|Any CPU.Build.0 = Debug|Any CPU
		{40427CE1-3892-43E5-B4C5-079CDBD79925}.Release|Any CPU.ActiveCfg = Release|Any CPU
		{40427CE1-3892-43E5-B4C5-079CDBD79925}.Release|Any CPU.Build.0 = Release|Any CPU
	EndGlobalSection
	GlobalSection(SolutionProperties) = preSolution
		HideSolutionNode = FALSE
	EndGlobalSection
	GlobalSection(ExtensibilityGlobals) = postSolution
		SolutionGuid = {4750E552-1553-474F-AB64-B07E7B8839DC}
	EndGlobalSection
EndGlobal
